
Microsoft Visual Studio Solution File, Format Version 12.00
# Visual Studio Version 17
VisualStudioVersion = 17.4.33110.190
MinimumVisualStudioVersion = 10.0.40219.1
Project("{FAE04EC0-301F-11D3-BF4B-00C04F79EFBC}") = "Substitutie monoalfabetica", "Substitutie monoalfabetica\Substitutie monoalfabetica.csproj", "{AA78E27B-A2CA-437D-8AFA-8B7B847B6811}"
EndProject
Global
	GlobalSection(SolutionConfigurationPlatforms) = preSolution
		Debug|Any CPU = Debug|Any CPU
		Release|Any CPU = Release|Any CPU
	EndGlobalSection
	GlobalSection(ProjectConfigurationPlatforms) = postSolution
		{AA78E27B-A2CA-437D-8AFA-8B7B847B6811}.Debug|Any CPU.ActiveCfg = Debug|Any CPU
		{AA78E27B-A2CA-437D-8AFA-8B7B847B6811}.Debug|Any CPU.Build.0 = Debug|Any CPU
		{AA78E27B-A2CA-437D-8AFA-8B7B847B6811}.Release|Any CPU.ActiveCfg = Release|Any CPU
		{AA78E27B-A2CA-437D-8AFA-8B7B847B6811}.Release|Any CPU.Build.0 = Release|Any CPU
	EndGlobalSection
	GlobalSection(SolutionProperties) = preSolution
		HideSolutionNode = FALSE
	EndGlobalSection
	GlobalSection(ExtensibilityGlobals) = postSolution
		SolutionGuid = {96B376D1-6898-48F5-863A-C7197DB14A1D}
	EndGlobalSection
EndGlobal
