
Microsoft Visual Studio Solution File, Format Version 12.00
# Visual Studio Version 17
VisualStudioVersion = 17.4.33110.190
MinimumVisualStudioVersion = 10.0.40219.1
Project("{FAE04EC0-301F-11D3-BF4B-00C04F79EFBC}") = "WindowsFormsApp2", "WindowsFormsApp2\WindowsFormsApp2.csproj", "{5689CC05-15CA-4AFE-A05C-79ABDAD01F17}"
EndProject
Global
	GlobalSection(SolutionConfigurationPlatforms) = preSolution
		Debug|Any CPU = Debug|Any CPU
		Release|Any CPU = Release|Any CPU
	EndGlobalSection
	GlobalSection(ProjectConfigurationPlatforms) = postSolution
		{5689CC05-15CA-4AFE-A05C-79ABDAD01F17}.Debug|Any CPU.ActiveCfg = Debug|Any CPU
		{5689CC05-15CA-4AFE-A05C-79ABDAD01F17}.Debug|Any CPU.Build.0 = Debug|Any CPU
		{5689CC05-15CA-4AFE-A05C-79ABDAD01F17}.Release|Any CPU.ActiveCfg = Release|Any CPU
		{5689CC05-15CA-4AFE-A05C-79ABDAD01F17}.Release|Any CPU.Build.0 = Release|Any CPU
	EndGlobalSection
	GlobalSection(SolutionProperties) = preSolution
		HideSolutionNode = FALSE
	EndGlobalSection
	GlobalSection(ExtensibilityGlobals) = postSolution
		SolutionGuid = {D05B6426-47E2-42F4-8E8F-F72FB0190C3A}
	EndGlobalSection
EndGlobal
